// !$*UTF8*$!
{
	archiveVersion = 1;
	classes = {
	};
	objectVersion = 50;
	objects = {

/* Begin PBXBuildFile section */
		80988DC3241F21ED00FD3E17 /* AppDelegate.swift in Sources */ = {isa = PBXBuildFile; fileRef = 80988DC2241F21ED00FD3E17 /* AppDelegate.swift */; };
		80988DC5241F21ED00FD3E17 /* SceneDelegate.swift in Sources */ = {isa = PBXBuildFile; fileRef = 80988DC4241F21ED00FD3E17 /* SceneDelegate.swift */; };
		80988DCC241F21EE00FD3E17 /* Assets.xcassets in Resources */ = {isa = PBXBuildFile; fileRef = 80988DCB241F21EE00FD3E17 /* Assets.xcassets */; };
		80988DCF241F21EE00FD3E17 /* LaunchScreen.storyboard in Resources */ = {isa = PBXBuildFile; fileRef = 80988DCD241F21EE00FD3E17 /* LaunchScreen.storyboard */; };
		80988DD8241F25FD00FD3E17 /* Album.swift in Sources */ = {isa = PBXBuildFile; fileRef = 80988DD7241F25FD00FD3E17 /* Album.swift */; };
		80988DDB241F26D100FD3E17 /* AlbumTableViewController.swift in Sources */ = {isa = PBXBuildFile; fileRef = 80988DDA241F26D100FD3E17 /* AlbumTableViewController.swift */; };
		80988DDE241F271000FD3E17 /* AlbumCell.swift in Sources */ = {isa = PBXBuildFile; fileRef = 80988DDD241F271000FD3E17 /* AlbumCell.swift */; };
		80988DE1241F277000FD3E17 /* UIView+TopAlbums.swift in Sources */ = {isa = PBXBuildFile; fileRef = 80988DE0241F277000FD3E17 /* UIView+TopAlbums.swift */; };
		80988DE3241F279B00FD3E17 /* NetworkRequest.swift in Sources */ = {isa = PBXBuildFile; fileRef = 80988DE2241F279B00FD3E17 /* NetworkRequest.swift */; };
/* End PBXBuildFile section */

/* Begin PBXFileReference section */
		80988DBF241F21ED00FD3E17 /* TopAlbums.app */ = {isa = PBXFileReference; explicitFileType = wrapper.application; includeInIndex = 0; path = TopAlbums.app; sourceTree = BUILT_PRODUCTS_DIR; };
		80988DC2241F21ED00FD3E17 /* AppDelegate.swift */ = {isa = PBXFileReference; lastKnownFileType = sourcecode.swift; path = AppDelegate.swift; sourceTree = "<group>"; };
		80988DC4241F21ED00FD3E17 /* SceneDelegate.swift */ = {isa = PBXFileReference; lastKnownFileType = sourcecode.swift; path = SceneDelegate.swift; sourceTree = "<group>"; };
		80988DCB241F21EE00FD3E17 /* Assets.xcassets */ = {isa = PBXFileReference; lastKnownFileType = folder.assetcatalog; path = Assets.xcassets; sourceTree = "<group>"; };
		80988DCE241F21EE00FD3E17 /* Base */ = {isa = PBXFileReference; lastKnownFileType = file.storyboard; name = Base; path = Base.lproj/LaunchScreen.storyboard; sourceTree = "<group>"; };
		80988DD0241F21EE00FD3E17 /* Info.plist */ = {isa = PBXFileReference; lastKnownFileType = text.plist.xml; path = Info.plist; sourceTree = "<group>"; };
		80988DD7241F25FD00FD3E17 /* Album.swift */ = {isa = PBXFileReference; lastKnownFileType = sourcecode.swift; path = Album.swift; sourceTree = "<group>"; };
		80988DDA241F26D100FD3E17 /* AlbumTableViewController.swift */ = {isa = PBXFileReference; lastKnownFileType = sourcecode.swift; path = AlbumTableViewController.swift; sourceTree = "<group>"; };
		80988DDD241F271000FD3E17 /* AlbumCell.swift */ = {isa = PBXFileReference; lastKnownFileType = sourcecode.swift; path = AlbumCell.swift; sourceTree = "<group>"; };
		80988DE0241F277000FD3E17 /* UIView+TopAlbums.swift */ = {isa = PBXFileReference; lastKnownFileType = sourcecode.swift; path = "UIView+TopAlbums.swift"; sourceTree = "<group>"; };
		80988DE2241F279B00FD3E17 /* NetworkRequest.swift */ = {isa = PBXFileReference; lastKnownFileType = sourcecode.swift; path = NetworkRequest.swift; sourceTree = "<group>"; };
/* End PBXFileReference section */

/* Begin PBXFrameworksBuildPhase section */
		80988DBC241F21ED00FD3E17 /* Frameworks */ = {
			isa = PBXFrameworksBuildPhase;
			buildActionMask = 2147483647;
			files = (
			);
			runOnlyForDeploymentPostprocessing = 0;
		};
/* End PBXFrameworksBuildPhase section */

/* Begin PBXGroup section */
		80988DB6241F21ED00FD3E17 = {
			isa = PBXGroup;
			children = (
				80988DC1241F21ED00FD3E17 /* TopAlbums */,
				80988DC0241F21ED00FD3E17 /* Products */,
			);
			sourceTree = "<group>";
		};
		80988DC0241F21ED00FD3E17 /* Products */ = {
			isa = PBXGroup;
			children = (
				80988DBF241F21ED00FD3E17 /* TopAlbums.app */,
			);
			name = Products;
			sourceTree = "<group>";
		};
		80988DC1241F21ED00FD3E17 /* TopAlbums */ = {
			isa = PBXGroup;
			children = (
				80988DDF241F274E00FD3E17 /* Utility */,
				80988DC2241F21ED00FD3E17 /* AppDelegate.swift */,
				80988DC4241F21ED00FD3E17 /* SceneDelegate.swift */,
				80988DDC241F26F600FD3E17 /* View */,
				80988DD6241F25D500FD3E17 /* Model */,
				80988DCB241F21EE00FD3E17 /* Assets.xcassets */,
				80988DD9241F26A100FD3E17 /* Controller */,
				80988DCD241F21EE00FD3E17 /* LaunchScreen.storyboard */,
				80988DD0241F21EE00FD3E17 /* Info.plist */,
			);
			path = TopAlbums;
			sourceTree = "<group>";
		};
		80988DD6241F25D500FD3E17 /* Model */ = {
			isa = PBXGroup;
			children = (
				80988DD7241F25FD00FD3E17 /* Album.swift */,
			);
			path = Model;
			sourceTree = "<group>";
		};
		80988DD9241F26A100FD3E17 /* Controller */ = {
			isa = PBXGroup;
			children = (
				80988DDA241F26D100FD3E17 /* AlbumTableViewController.swift */,
			);
			path = Controller;
			sourceTree = "<group>";
		};
		80988DDC241F26F600FD3E17 /* View */ = {
			isa = PBXGroup;
			children = (
				80988DDD241F271000FD3E17 /* AlbumCell.swift */,
			);
			path = View;
			sourceTree = "<group>";
		};
		80988DDF241F274E00FD3E17 /* Utility */ = {
			isa = PBXGroup;
			children = (
				80988DE0241F277000FD3E17 /* UIView+TopAlbums.swift */,
				80988DE2241F279B00FD3E17 /* NetworkRequest.swift */,
			);
			path = Utility;
			sourceTree = "<group>";
		};
/* End PBXGroup section */

/* Begin PBXNativeTarget section */
		80988DBE241F21ED00FD3E17 /* TopAlbums */ = {
			isa = PBXNativeTarget;
			buildConfigurationList = 80988DD3241F21EE00FD3E17 /* Build configuration list for PBXNativeTarget "TopAlbums" */;
			buildPhases = (
				80988DBB241F21ED00FD3E17 /* Sources */,
				80988DBC241F21ED00FD3E17 /* Frameworks */,
				80988DBD241F21ED00FD3E17 /* Resources */,
			);
			buildRules = (
			);
			dependencies = (
			);
			name = TopAlbums;
			productName = TopAlbums;
			productReference = 80988DBF241F21ED00FD3E17 /* TopAlbums.app */;
			productType = "com.apple.product-type.application";
		};
/* End PBXNativeTarget section */

/* Begin PBXProject section */
		80988DB7241F21ED00FD3E17 /* Project object */ = {
			isa = PBXProject;
			attributes = {
				LastSwiftUpdateCheck = 1130;
				LastUpgradeCheck = 1130;
				ORGANIZATIONNAME = "Jason Maxwell Custodio";
				TargetAttributes = {
					80988DBE241F21ED00FD3E17 = {
						CreatedOnToolsVersion = 11.3.1;
					};
				};
			};
			buildConfigurationList = 80988DBA241F21ED00FD3E17 /* Build configuration list for PBXProject "TopAlbums" */;
			compatibilityVersion = "Xcode 9.3";
			developmentRegion = en;
			hasScannedForEncodings = 0;
			knownRegions = (
				en,
				Base,
			);
			mainGroup = 80988DB6241F21ED00FD3E17;
			productRefGroup = 80988DC0241F21ED00FD3E17 /* Products */;
			projectDirPath = "";
			projectRoot = "";
			targets = (
				80988DBE241F21ED00FD3E17 /* TopAlbums */,
			);
		};
/* End PBXProject section */

/* Begin PBXResourcesBuildPhase section */
		80988DBD241F21ED00FD3E17 /* Resources */ = {
			isa = PBXResourcesBuildPhase;
			buildActionMask = 2147483647;
			files = (
				80988DCF241F21EE00FD3E17 /* LaunchScreen.storyboard in Resources */,
				80988DCC241F21EE00FD3E17 /* Assets.xcassets in Resources */,
			);
			runOnlyForDeploymentPostprocessing = 0;
		};
/* End PBXResourcesBuildPhase section */

/* Begin PBXSourcesBuildPhase section */
		80988DBB241F21ED00FD3E17 /* Sources */ = {
			isa = PBXSourcesBuildPhase;
			buildActionMask = 2147483647;
			files = (
				80988DE1241F277000FD3E17 /* UIView+TopAlbums.swift in Sources */,
				80988DE3241F279B00FD3E17 /* NetworkRequest.swift in Sources */,
				80988DC3241F21ED00FD3E17 /* AppDelegate.swift in Sources */,
				80988DDB241F26D100FD3E17 /* AlbumTableViewController.swift in Sources */,
				80988DC5241F21ED00FD3E17 /* SceneDelegate.swift in Sources */,
				80988DD8241F25FD00FD3E17 /* Album.swift in Sources */,
				80988DDE241F271000FD3E17 /* AlbumCell.swift in Sources */,
			);
			runOnlyForDeploymentPostprocessing = 0;
		};
/* End PBXSourcesBuildPhase section */

/* Begin PBXVariantGroup section */
		80988DCD241F21EE00FD3E17 /* LaunchScreen.storyboard */ = {
			isa = PBXVariantGroup;
			children = (
				80988DCE241F21EE00FD3E17 /* Base */,
			);
			name = LaunchScreen.storyboard;
			sourceTree = "<group>";
		};
/* End PBXVariantGroup section */

/* Begin XCBuildConfiguration section */
		80988DD1241F21EE00FD3E17 /* Debug */ = {
			isa = XCBuildConfiguration;
			buildSettings = {
				ALWAYS_SEARCH_USER_PATHS = NO;
				CLANG_ANALYZER_NONNULL = YES;
				CLANG_ANALYZER_NUMBER_OBJECT_CONVERSION = YES_AGGRESSIVE;
				CLANG_CXX_LANGUAGE_STANDARD = "gnu++14";
				CLANG_CXX_LIBRARY = "libc++";
				CLANG_ENABLE_MODULES = YES;
				CLANG_ENABLE_OBJC_ARC = YES;
				CLANG_ENABLE_OBJC_WEAK = YES;
				CLANG_WARN_BLOCK_CAPTURE_AUTORELEASING = YES;
				CLANG_WARN_BOOL_CONVERSION = YES;
				CLANG_WARN_COMMA = YES;
				CLANG_WARN_CONSTANT_CONVERSION = YES;
				CLANG_WARN_DEPRECATED_OBJC_IMPLEMENTATIONS = YES;
				CLANG_WARN_DIRECT_OBJC_ISA_USAGE = YES_ERROR;
				CLANG_WARN_DOCUMENTATION_COMMENTS = YES;
				CLANG_WARN_EMPTY_BODY = YES;
				CLANG_WARN_ENUM_CONVERSION = YES;
				CLANG_WARN_INFINITE_RECURSION = YES;
				CLANG_WARN_INT_CONVERSION = YES;
				CLANG_WARN_NON_LITERAL_NULL_CONVERSION = YES;
				CLANG_WARN_OBJC_IMPLICIT_RETAIN_SELF = YES;
				CLANG_WARN_OBJC_LITERAL_CONVERSION = YES;
				CLANG_WARN_OBJC_ROOT_CLASS = YES_ERROR;
				CLANG_WARN_RANGE_LOOP_ANALYSIS = YES;
				CLANG_WARN_STRICT_PROTOTYPES = YES;
				CLANG_WARN_SUSPICIOUS_MOVE = YES;
				CLANG_WARN_UNGUARDED_AVAILABILITY = YES_AGGRESSIVE;
				CLANG_WARN_UNREACHABLE_CODE = YES;
				CLANG_WARN__DUPLICATE_METHOD_MATCH = YES;
				COPY_PHASE_STRIP = NO;
				DEBUG_INFORMATION_FORMAT = dwarf;
				ENABLE_STRICT_OBJC_MSGSEND = YES;
				ENABLE_TESTABILITY = YES;
				GCC_C_LANGUAGE_STANDARD = gnu11;
				GCC_DYNAMIC_NO_PIC = NO;
				GCC_NO_COMMON_BLOCKS = YES;
				GCC_OPTIMIZATION_LEVEL = 0;
				GCC_PREPROCESSOR_DEFINITIONS = (
					"DEBUG=1",
					"$(inherited)",
				);
				GCC_WARN_64_TO_32_BIT_CONVERSION = YES;
				GCC_WARN_ABOUT_RETURN_TYPE = YES_ERROR;
				GCC_WARN_UNDECLARED_SELECTOR = YES;
				GCC_WARN_UNINITIALIZED_AUTOS = YES_AGGRESSIVE;
				GCC_WARN_UNUSED_FUNCTION = YES;
				GCC_WARN_UNUSED_VARIABLE = YES;
				IPHONEOS_DEPLOYMENT_TARGET = 13.2;
				MTL_ENABLE_DEBUG_INFO = INCLUDE_SOURCE;
				MTL_FAST_MATH = YES;
				ONLY_ACTIVE_ARCH = YES;
				SDKROOT = iphoneos;
				SWIFT_ACTIVE_COMPILATION_CONDITIONS = DEBUG;
				SWIFT_OPTIMIZATION_LEVEL = "-Onone";
			};
			name = Debug;
		};
		80988DD2241F21EE00FD3E17 /* Release */ = {
			isa = XCBuildConfiguration;
			buildSettings = {
				ALWAYS_SEARCH_USER_PATHS = NO;
				CLANG_ANALYZER_NONNULL = YES;
				CLANG_ANALYZER_NUMBER_OBJECT_CONVERSION = YES_AGGRESSIVE;
				CLANG_CXX_LANGUAGE_STANDARD = "gnu++14";
				CLANG_CXX_LIBRARY = "libc++";
				CLANG_ENABLE_MODULES = YES;
				CLANG_ENABLE_OBJC_ARC = YES;
				CLANG_ENABLE_OBJC_WEAK = YES;
				CLANG_WARN_BLOCK_CAPTURE_AUTORELEASING = YES;
				CLANG_WARN_BOOL_CONVERSION = YES;
				CLANG_WARN_COMMA = YES;
				CLANG_WARN_CONSTANT_CONVERSION = YES;
				CLANG_WARN_DEPRECATED_OBJC_IMPLEMENTATIONS = YES;
				CLANG_WARN_DIRECT_OBJC_ISA_USAGE = YES_ERROR;
				CLANG_WARN_DOCUMENTATION_COMMENTS = YES;
				CLANG_WARN_EMPTY_BODY = YES;
				CLANG_WARN_ENUM_CONVERSION = YES;
				CLANG_WARN_INFINITE_RECURSION = YES;
				CLANG_WARN_INT_CONVERSION = YES;
				CLANG_WARN_NON_LITERAL_NULL_CONVERSION = YES;
				CLANG_WARN_OBJC_IMPLICIT_RETAIN_SELF = YES;
				CLANG_WARN_OBJC_LITERAL_CONVERSION = YES;
				CLANG_WARN_OBJC_ROOT_CLASS = YES_ERROR;
				CLANG_WARN_RANGE_LOOP_ANALYSIS = YES;
				CLANG_WARN_STRICT_PROTOTYPES = YES;
				CLANG_WARN_SUSPICIOUS_MOVE = YES;
				CLANG_WARN_UNGUARDED_AVAILABILITY = YES_AGGRESSIVE;
				CLANG_WARN_UNREACHABLE_CODE = YES;
				CLANG_WARN__DUPLICATE_METHOD_MATCH = YES;
				COPY_PHASE_STRIP = NO;
				DEBUG_INFORMATION_FORMAT = "dwarf-with-dsym";
				ENABLE_NS_ASSERTIONS = NO;
				ENABLE_STRICT_OBJC_MSGSEND = YES;
				GCC_C_LANGUAGE_STANDARD = gnu11;
				GCC_NO_COMMON_BLOCKS = YES;
				GCC_WARN_64_TO_32_BIT_CONVERSION = YES;
				GCC_WARN_ABOUT_RETURN_TYPE = YES_ERROR;
				GCC_WARN_UNDECLARED_SELECTOR = YES;
				GCC_WARN_UNINITIALIZED_AUTOS = YES_AGGRESSIVE;
				GCC_WARN_UNUSED_FUNCTION = YES;
				GCC_WARN_UNUSED_VARIABLE = YES;
				IPHONEOS_DEPLOYMENT_TARGET = 13.2;
				MTL_ENABLE_DEBUG_INFO = NO;
				MTL_FAST_MATH = YES;
				SDKROOT = iphoneos;
				SWIFT_COMPILATION_MODE = wholemodule;
				SWIFT_OPTIMIZATION_LEVEL = "-O";
				VALIDATE_PRODUCT = YES;
			};
			name = Release;
		};
		80988DD4241F21EE00FD3E17 /* Debug */ = {
			isa = XCBuildConfiguration;
			buildSettings = {
				ASSETCATALOG_COMPILER_APPICON_NAME = AppIcon;
				CODE_SIGN_STYLE = Automatic;
				DEVELOPMENT_TEAM = 8XLM2PPXBF;
				INFOPLIST_FILE = TopAlbums/Info.plist;
				LD_RUNPATH_SEARCH_PATHS = (
					"$(inherited)",
					"@executable_path/Frameworks",
				);
				PRODUCT_BUNDLE_IDENTIFIER = JMC.TopAlbums;
				PRODUCT_NAME = "$(TARGET_NAME)";
				SWIFT_VERSION = 5.0;
				TARGETED_DEVICE_FAMILY = "1,2";
			};
			name = Debug;
		};
		80988DD5241F21EE00FD3E17 /* Release */ = {
			isa = XCBuildConfiguration;
			buildSettings = {
				ASSETCATALOG_COMPILER_APPICON_NAME = AppIcon;
				CODE_SIGN_STYLE = Automatic;
				DEVELOPMENT_TEAM = 8XLM2PPXBF;
				INFOPLIST_FILE = TopAlbums/Info.plist;
				LD_RUNPATH_SEARCH_PATHS = (
					"$(inherited)",
					"@executable_path/Frameworks",
				);
				PRODUCT_BUNDLE_IDENTIFIER = JMC.TopAlbums;
				PRODUCT_NAME = "$(TARGET_NAME)";
				SWIFT_VERSION = 5.0;
				TARGETED_DEVICE_FAMILY = "1,2";
			};
			name = Release;
		};
/* End XCBuildConfiguration section */

/* Begin XCConfigurationList section */
		80988DBA241F21ED00FD3E17 /* Build configuration list for PBXProject "TopAlbums" */ = {
			isa = XCConfigurationList;
			buildConfigurations = (
				80988DD1241F21EE00FD3E17 /* Debug */,
				80988DD2241F21EE00FD3E17 /* Release */,
			);
			defaultConfigurationIsVisible = 0;
			defaultConfigurationName = Release;
		};
		80988DD3241F21EE00FD3E17 /* Build configuration list for PBXNativeTarget "TopAlbums" */ = {
			isa = XCConfigurationList;
			buildConfigurations = (
				80988DD4241F21EE00FD3E17 /* Debug */,
				80988DD5241F21EE00FD3E17 /* Release */,
			);
			defaultConfigurationIsVisible = 0;
			defaultConfigurationName = Release;
		};
/* End XCConfigurationList section */
	};
	rootObject = 80988DB7241F21ED00FD3E17 /* Project object */;
}
